{
  "name": "language-server-bitbake",
  "version": "1.1.2",
  "lockfileVersion": 3,
  "requires": true,
  "packages": {
    "": {
      "name": "language-server-bitbake",
      "version": "1.1.2",
      "license": "MIT",
      "dependencies": {
        "find": "^0.2.7",
        "vscode-bitbake-lib": "file:../lib",
        "vscode-languageserver": "^8.1.0",
        "vscode-languageserver-textdocument": "^1.0.8",
        "web-tree-sitter": "^0.20.8",
        "winston": "^2.4.4"
      },
      "devDependencies": {
        "@types/find": "^0.2.2"
      },
      "engines": {
        "node": "*"
      }
    },
    "../lib": {
      "name": "vscode-bitbake-lib",
      "version": "1.1.2",
      "license": "MIT",
      "dependencies": {
        "axios": "^1.6.0"
      },
      "engines": {
        "node": "*"
      }
    },
    "../lib/node_modules/asynckit": {
      "version": "0.4.0",
      "license": "MIT"
    },
    "../lib/node_modules/axios": {
      "version": "1.6.0",
      "license": "MIT",
      "dependencies": {
        "follow-redirects": "^1.15.0",
        "form-data": "^4.0.0",
        "proxy-from-env": "^1.1.0"
      }
    },
    "../lib/node_modules/combined-stream": {
      "version": "1.0.8",
      "license": "MIT",
      "dependencies": {
        "delayed-stream": "~1.0.0"
      },
      "engines": {
        "node": ">= 0.8"
      }
    },
    "../lib/node_modules/delayed-stream": {
      "version": "1.0.0",
      "license": "MIT",
      "engines": {
        "node": ">=0.4.0"
      }
    },
    "../lib/node_modules/follow-redirects": {
      "version": "1.15.3",
      "funding": [
        {
          "type": "individual",
          "url": "https://github.com/sponsors/RubenVerborgh"
        }
      ],
      "license": "MIT",
      "engines": {
        "node": ">=4.0"
      },
      "peerDependenciesMeta": {
        "debug": {
          "optional": true
        }
      }
    },
    "../lib/node_modules/form-data": {
      "version": "4.0.0",
      "license": "MIT",
      "dependencies": {
        "asynckit": "^0.4.0",
        "combined-stream": "^1.0.8",
        "mime-types": "^2.1.12"
      },
      "engines": {
        "node": ">= 6"
      }
    },
    "../lib/node_modules/mime-db": {
      "version": "1.52.0",
      "license": "MIT",
      "engines": {
        "node": ">= 0.6"
      }
    },
    "../lib/node_modules/mime-types": {
      "version": "2.1.35",
      "license": "MIT",
      "dependencies": {
        "mime-db": "1.52.0"
      },
      "engines": {
        "node": ">= 0.6"
      }
    },
    "../lib/node_modules/proxy-from-env": {
      "version": "1.1.0",
      "license": "MIT"
    },
    "node_modules/@types/find": {
      "version": "0.2.3",
      "dev": true,
      "license": "MIT"
    },
    "node_modules/async": {
      "version": "2.6.4",
      "license": "MIT",
      "dependencies": {
        "lodash": "^4.17.14"
      }
    },
    "node_modules/colors": {
      "version": "1.0.3",
      "license": "MIT",
      "engines": {
        "node": ">=0.1.90"
      }
    },
    "node_modules/cycle": {
      "version": "1.0.3",
      "engines": {
        "node": ">=0.4.0"
      }
    },
    "node_modules/eyes": {
      "version": "0.1.8",
      "engines": {
        "node": "> 0.1.90"
      }
    },
    "node_modules/find": {
      "version": "0.2.9",
      "license": "MIT",
      "dependencies": {
        "traverse-chain": "~0.1.0"
      }
    },
    "node_modules/isstream": {
      "version": "0.1.2",
      "license": "MIT"
    },
    "node_modules/lodash": {
      "version": "4.17.21",
      "license": "MIT"
    },
    "node_modules/stack-trace": {
      "version": "0.0.10",
      "license": "MIT",
      "engines": {
        "node": "*"
      }
    },
    "node_modules/traverse-chain": {
      "version": "0.1.0",
      "license": "MIT"
    },
    "node_modules/vscode-bitbake-lib": {
      "resolved": "../lib",
      "link": true
    },
    "node_modules/vscode-jsonrpc": {
      "version": "8.1.0",
      "license": "MIT",
      "engines": {
        "node": ">=14.0.0"
      }
    },
    "node_modules/vscode-languageserver": {
      "version": "8.1.0",
      "license": "MIT",
      "dependencies": {
        "vscode-languageserver-protocol": "3.17.3"
      },
      "bin": {
        "installServerIntoExtension": "bin/installServerIntoExtension"
      }
    },
    "node_modules/vscode-languageserver-protocol": {
      "version": "3.17.3",
      "license": "MIT",
      "dependencies": {
        "vscode-jsonrpc": "8.1.0",
        "vscode-languageserver-types": "3.17.3"
      }
    },
    "node_modules/vscode-languageserver-textdocument": {
      "version": "1.0.11",
      "license": "MIT"
    },
    "node_modules/vscode-languageserver-types": {
      "version": "3.17.3",
      "license": "MIT"
    },
    "node_modules/web-tree-sitter": {
      "version": "0.20.8",
      "license": "MIT"
    },
    "node_modules/winston": {
      "version": "2.4.7",
      "license": "MIT",
      "dependencies": {
        "async": "^2.6.4",
        "colors": "1.0.x",
        "cycle": "1.0.x",
        "eyes": "0.1.x",
        "isstream": "0.1.x",
        "stack-trace": "0.0.x"
      },
      "engines": {
        "node": ">= 0.10.0"
      }
    }
  }
}
